
Microsoft Visual Studio Solution File, Format Version 12.00
# Visual Studio Version 16
VisualStudioVersion = 16.0.30907.101
MinimumVisualStudioVersion = 10.0.40219.1
Project("{FAE04EC0-301F-11D3-BF4B-00C04F79EFBC}") = "MathSOAPService", "MathSOAPService\MathSOAPService.csproj", "{30A9360B-FFBC-44BE-AFA1-8FA8A49D70BF}"
EndProject
Project("{FAE04EC0-301F-11D3-BF4B-00C04F79EFBC}") = "MathSOAPClient", "MathSOAPClient\MathSOAPClient.csproj", "{44DB9BCC-D2BE-4251-B400-A033D8BF5290}"
	ProjectSection(ProjectDependencies) = postProject
		{30A9360B-FFBC-44BE-AFA1-8FA8A49D70BF} = {30A9360B-FFBC-44BE-AFA1-8FA8A49D70BF}
	EndProjectSection
EndProject
Global
	GlobalSection(SolutionConfigurationPlatforms) = preSolution
		Debug|Any CPU = Debug|Any CPU
		Release|Any CPU = Release|Any CPU
	EndGlobalSection
	GlobalSection(ProjectConfigurationPlatforms) = postSolution
		{30A9360B-FFBC-44BE-AFA1-8FA8A49D70BF}.Debug|Any CPU.ActiveCfg = Debug|Any CPU
		{30A9360B-FFBC-44BE-AFA1-8FA8A49D70BF}.Debug|Any CPU.Build.0 = Debug|Any CPU
		{30A9360B-FFBC-44BE-AFA1-8FA8A49D70BF}.Release|Any CPU.ActiveCfg = Release|Any CPU
		{30A9360B-FFBC-44BE-AFA1-8FA8A49D70BF}.Release|Any CPU.Build.0 = Release|Any CPU
		{44DB9BCC-D2BE-4251-B400-A033D8BF5290}.Debug|Any CPU.ActiveCfg = Debug|Any CPU
		{44DB9BCC-D2BE-4251-B400-A033D8BF5290}.Debug|Any CPU.Build.0 = Debug|Any CPU
		{44DB9BCC-D2BE-4251-B400-A033D8BF5290}.Release|Any CPU.ActiveCfg = Release|Any CPU
		{44DB9BCC-D2BE-4251-B400-A033D8BF5290}.Release|Any CPU.Build.0 = Release|Any CPU
	EndGlobalSection
	GlobalSection(SolutionProperties) = preSolution
		HideSolutionNode = FALSE
	EndGlobalSection
	GlobalSection(ExtensibilityGlobals) = postSolution
		SolutionGuid = {694DC286-2912-4ECA-9AFF-3C877E3EE446}
	EndGlobalSection
EndGlobal
